
Microsoft Visual Studio Solution File, Format Version 12.00
# Visual Studio 15
VisualStudioVersion = 15.0.28307.757
MinimumVisualStudioVersion = 10.0.40219.1
Project("{FAE04EC0-301F-11D3-BF4B-00C04F79EFBC}") = "ExampleMVC", "ExampleMVC\ExampleMVC.csproj", "{50CE138D-0E19-4470-A4BA-3D3C8BA86849}"
EndProject
Global
	GlobalSection(SolutionConfigurationPlatforms) = preSolution
		Debug|Any CPU = Debug|Any CPU
		Release|Any CPU = Release|Any CPU
	EndGlobalSection
	GlobalSection(ProjectConfigurationPlatforms) = postSolution
		{50CE138D-0E19-4470-A4BA-3D3C8BA86849}.Debug|Any CPU.ActiveCfg = Debug|Any CPU
		{50CE138D-0E19-4470-A4BA-3D3C8BA86849}.Debug|Any CPU.Build.0 = Debug|Any CPU
		{50CE138D-0E19-4470-A4BA-3D3C8BA86849}.Release|Any CPU.ActiveCfg = Release|Any CPU
		{50CE138D-0E19-4470-A4BA-3D3C8BA86849}.Release|Any CPU.Build.0 = Release|Any CPU
	EndGlobalSection
	GlobalSection(SolutionProperties) = preSolution
		HideSolutionNode = FALSE
	EndGlobalSection
	GlobalSection(ExtensibilityGlobals) = postSolution
		SolutionGuid = {5FCF1084-CB84-4637-88A3-C62C8F3F58FF}
	EndGlobalSection
EndGlobal
